
Microsoft Visual Studio Solution File, Format Version 12.00
# Visual Studio Version 17
VisualStudioVersion = 17.14.36429.23
MinimumVisualStudioVersion = 10.0.40219.1
Project("{FAE04EC0-301F-11D3-BF4B-00C04F79EFBC}") = "Domain", "Domain\Domain.csproj", "{9F3D2000-CCAE-4A07-A875-F5C2AA633DC5}"
EndProject
Project("{FAE04EC0-301F-11D3-BF4B-00C04F79EFBC}") = "Persistence", "Persistence\Persistence.csproj", "{8F0F05C3-E80F-43B5-B09A-133D318E5F95}"
EndProject
Project("{FAE04EC0-301F-11D3-BF4B-00C04F79EFBC}") = "Application", "Application\Application.csproj", "{40640B75-56FD-494A-8DB1-7FEB962CA41C}"
EndProject
Project("{FAE04EC0-301F-11D3-BF4B-00C04F79EFBC}") = "RezervasyonAPI", "RezervasyonAPI\RezervasyonAPI.csproj", "{830B85C5-2AF1-402C-9048-9C79DE61B067}"
EndProject
Global
	GlobalSection(SolutionConfigurationPlatforms) = preSolution
		Debug|Any CPU = Debug|Any CPU
		Release|Any CPU = Release|Any CPU
	EndGlobalSection
	GlobalSection(ProjectConfigurationPlatforms) = postSolution
		{9F3D2000-CCAE-4A07-A875-F5C2AA633DC5}.Debug|Any CPU.ActiveCfg = Debug|Any CPU
		{9F3D2000-CCAE-4A07-A875-F5C2AA633DC5}.Debug|Any CPU.Build.0 = Debug|Any CPU
		{9F3D2000-CCAE-4A07-A875-F5C2AA633DC5}.Release|Any CPU.ActiveCfg = Release|Any CPU
		{9F3D2000-CCAE-4A07-A875-F5C2AA633DC5}.Release|Any CPU.Build.0 = Release|Any CPU
		{8F0F05C3-E80F-43B5-B09A-133D318E5F95}.Debug|Any CPU.ActiveCfg = Debug|Any CPU
		{8F0F05C3-E80F-43B5-B09A-133D318E5F95}.Debug|Any CPU.Build.0 = Debug|Any CPU
		{8F0F05C3-E80F-43B5-B09A-133D318E5F95}.Release|Any CPU.ActiveCfg = Release|Any CPU
		{8F0F05C3-E80F-43B5-B09A-133D318E5F95}.Release|Any CPU.Build.0 = Release|Any CPU
		{40640B75-56FD-494A-8DB1-7FEB962CA41C}.Debug|Any CPU.ActiveCfg = Debug|Any CPU
		{40640B75-56FD-494A-8DB1-7FEB962CA41C}.Debug|Any CPU.Build.0 = Debug|Any CPU
		{40640B75-56FD-494A-8DB1-7FEB962CA41C}.Release|Any CPU.ActiveCfg = Release|Any CPU
		{40640B75-56FD-494A-8DB1-7FEB962CA41C}.Release|Any CPU.Build.0 = Release|Any CPU
		{830B85C5-2AF1-402C-9048-9C79DE61B067}.Debug|Any CPU.ActiveCfg = Debug|Any CPU
		{830B85C5-2AF1-402C-9048-9C79DE61B067}.Debug|Any CPU.Build.0 = Debug|Any CPU
		{830B85C5-2AF1-402C-9048-9C79DE61B067}.Release|Any CPU.ActiveCfg = Release|Any CPU
		{830B85C5-2AF1-402C-9048-9C79DE61B067}.Release|Any CPU.Build.0 = Release|Any CPU
	EndGlobalSection
	GlobalSection(SolutionProperties) = preSolution
		HideSolutionNode = FALSE
	EndGlobalSection
	GlobalSection(ExtensibilityGlobals) = postSolution
		SolutionGuid = {7B9B5934-DDCD-4A7E-8E1B-AB36D097FF39}
	EndGlobalSection
EndGlobal
